// !$*UTF8*$!
{
	archiveVersion = 1;
	classes = {
	};
	objectVersion = 56;
	objects = {

/* Begin PBXBuildFile section */
		44DBDBAE2A4DE4AD00C4CDC0 /* CatsFetcherMock.swift in Sources */ = {isa = PBXBuildFile; fileRef = 44DBDBAD2A4DE4AD00C4CDC0 /* CatsFetcherMock.swift */; };
		44DBDBB12A4DE4D900C4CDC0 /* CatsViewModel.swift in Sources */ = {isa = PBXBuildFile; fileRef = 44DBDBB02A4DE4D900C4CDC0 /* CatsViewModel.swift */; };
		44DBDBB42A4DE56800C4CDC0 /* FetchCatsService.swift in Sources */ = {isa = PBXBuildFile; fileRef = 44DBDBB32A4DE56800C4CDC0 /* FetchCatsService.swift */; };
		44DBDBB72A4DE62400C4CDC0 /* CatRow.swift in Sources */ = {isa = PBXBuildFile; fileRef = 44DBDBB62A4DE62400C4CDC0 /* CatRow.swift */; };
		44DBDBB92A4DE65200C4CDC0 /* CatsView.swift in Sources */ = {isa = PBXBuildFile; fileRef = 44DBDBB82A4DE65200C4CDC0 /* CatsView.swift */; };
		44DBDBCD2A4DE7EB00C4CDC0 /* APIManagerMock.swift in Sources */ = {isa = PBXBuildFile; fileRef = 44DBDBCC2A4DE7EB00C4CDC0 /* APIManagerMock.swift */; };
		44DBDBCF2A4DE84B00C4CDC0 /* RequestManagerMock.swift in Sources */ = {isa = PBXBuildFile; fileRef = 44DBDBCE2A4DE84B00C4CDC0 /* RequestManagerMock.swift */; };
		44E65B882A4CC5A200F1A1EC /* CaturyApp.swift in Sources */ = {isa = PBXBuildFile; fileRef = 44E65B872A4CC5A200F1A1EC /* CaturyApp.swift */; };
		44E65B8A2A4CC5A200F1A1EC /* ContentView.swift in Sources */ = {isa = PBXBuildFile; fileRef = 44E65B892A4CC5A200F1A1EC /* ContentView.swift */; };
		44E65B8C2A4CC5A300F1A1EC /* Assets.xcassets in Resources */ = {isa = PBXBuildFile; fileRef = 44E65B8B2A4CC5A300F1A1EC /* Assets.xcassets */; };
		44E65B8F2A4CC5A300F1A1EC /* Preview Assets.xcassets in Resources */ = {isa = PBXBuildFile; fileRef = 44E65B8E2A4CC5A300F1A1EC /* Preview Assets.xcassets */; };
		44E65B982A4CC72200F1A1EC /* .swiftlint.yml in Resources */ = {isa = PBXBuildFile; fileRef = 44E65B972A4CC72200F1A1EC /* .swiftlint.yml */; };
		44E65B9E2A4CC7EA00F1A1EC /* DataParser.swift in Sources */ = {isa = PBXBuildFile; fileRef = 44E65B9D2A4CC7EA00F1A1EC /* DataParser.swift */; };
		44E65BA12A4CC84500F1A1EC /* NetworkError.swift in Sources */ = {isa = PBXBuildFile; fileRef = 44E65BA02A4CC84500F1A1EC /* NetworkError.swift */; };
		44E65BA42A4CC8B600F1A1EC /* RequestType.swift in Sources */ = {isa = PBXBuildFile; fileRef = 44E65BA32A4CC8B600F1A1EC /* RequestType.swift */; };
		44E65BA72A4CC91E00F1A1EC /* APIConstants.swift in Sources */ = {isa = PBXBuildFile; fileRef = 44E65BA62A4CC91E00F1A1EC /* APIConstants.swift */; };
		44E65BA92A4CC95F00F1A1EC /* RequestProtocol.swift in Sources */ = {isa = PBXBuildFile; fileRef = 44E65BA82A4CC95F00F1A1EC /* RequestProtocol.swift */; };
		44E65BAB2A4CCA2000F1A1EC /* APIManager.swift in Sources */ = {isa = PBXBuildFile; fileRef = 44E65BAA2A4CCA2000F1A1EC /* APIManager.swift */; };
		44E65BAD2A4CCAC900F1A1EC /* RequestManager.swift in Sources */ = {isa = PBXBuildFile; fileRef = 44E65BAC2A4CCAC900F1A1EC /* RequestManager.swift */; };
		44E65BB02A4CCB8A00F1A1EC /* CatsRequest.swift in Sources */ = {isa = PBXBuildFile; fileRef = 44E65BAF2A4CCB8A00F1A1EC /* CatsRequest.swift */; };
		44E65BB52A4CCC5300F1A1EC /* Cat.swift in Sources */ = {isa = PBXBuildFile; fileRef = 44E65BB42A4CCC5300F1A1EC /* Cat.swift */; };
		44E65BC32A4CE02B00F1A1EC /* CatMock.swift in Sources */ = {isa = PBXBuildFile; fileRef = 44E65BC22A4CE02B00F1A1EC /* CatMock.swift */; };
		44E65BC82A4CE1A600F1A1EC /* CatsMock.json in Resources */ = {isa = PBXBuildFile; fileRef = 44E65BC72A4CE1A600F1A1EC /* CatsMock.json */; };
/* End PBXBuildFile section */

/* Begin PBXContainerItemProxy section */
		44DBDBC22A4DE78C00C4CDC0 /* PBXContainerItemProxy */ = {
			isa = PBXContainerItemProxy;
			containerPortal = 44E65B7C2A4CC5A200F1A1EC /* Project object */;
			proxyType = 1;
			remoteGlobalIDString = 44E65B832A4CC5A200F1A1EC;
			remoteInfo = Catury;
		};
/* End PBXContainerItemProxy section */

/* Begin PBXFileReference section */
		44DBDBAD2A4DE4AD00C4CDC0 /* CatsFetcherMock.swift */ = {isa = PBXFileReference; lastKnownFileType = sourcecode.swift; path = CatsFetcherMock.swift; sourceTree = "<group>"; };
		44DBDBB02A4DE4D900C4CDC0 /* CatsViewModel.swift */ = {isa = PBXFileReference; lastKnownFileType = sourcecode.swift; path = CatsViewModel.swift; sourceTree = "<group>"; };
		44DBDBB32A4DE56800C4CDC0 /* FetchCatsService.swift */ = {isa = PBXFileReference; lastKnownFileType = sourcecode.swift; path = FetchCatsService.swift; sourceTree = "<group>"; };
		44DBDBB62A4DE62400C4CDC0 /* CatRow.swift */ = {isa = PBXFileReference; lastKnownFileType = sourcecode.swift; path = CatRow.swift; sourceTree = "<group>"; };
		44DBDBB82A4DE65200C4CDC0 /* CatsView.swift */ = {isa = PBXFileReference; lastKnownFileType = sourcecode.swift; path = CatsView.swift; sourceTree = "<group>"; };
		44DBDBBE2A4DE78C00C4CDC0 /* CaturyTests.xctest */ = {isa = PBXFileReference; explicitFileType = wrapper.cfbundle; includeInIndex = 0; path = CaturyTests.xctest; sourceTree = BUILT_PRODUCTS_DIR; };
		44DBDBCC2A4DE7EB00C4CDC0 /* APIManagerMock.swift */ = {isa = PBXFileReference; lastKnownFileType = sourcecode.swift; path = APIManagerMock.swift; sourceTree = "<group>"; };
		44DBDBCE2A4DE84B00C4CDC0 /* RequestManagerMock.swift */ = {isa = PBXFileReference; lastKnownFileType = sourcecode.swift; path = RequestManagerMock.swift; sourceTree = "<group>"; };
		44E65B842A4CC5A200F1A1EC /* Catury.app */ = {isa = PBXFileReference; explicitFileType = wrapper.application; includeInIndex = 0; path = Catury.app; sourceTree = BUILT_PRODUCTS_DIR; };
		44E65B872A4CC5A200F1A1EC /* CaturyApp.swift */ = {isa = PBXFileReference; lastKnownFileType = sourcecode.swift; path = CaturyApp.swift; sourceTree = "<group>"; };
		44E65B892A4CC5A200F1A1EC /* ContentView.swift */ = {isa = PBXFileReference; lastKnownFileType = sourcecode.swift; path = ContentView.swift; sourceTree = "<group>"; };
		44E65B8B2A4CC5A300F1A1EC /* Assets.xcassets */ = {isa = PBXFileReference; lastKnownFileType = folder.assetcatalog; path = Assets.xcassets; sourceTree = "<group>"; };
		44E65B8E2A4CC5A300F1A1EC /* Preview Assets.xcassets */ = {isa = PBXFileReference; lastKnownFileType = folder.assetcatalog; path = "Preview Assets.xcassets"; sourceTree = "<group>"; };
		44E65B972A4CC72200F1A1EC /* .swiftlint.yml */ = {isa = PBXFileReference; lastKnownFileType = text.yaml; path = .swiftlint.yml; sourceTree = "<group>"; };
		44E65B9D2A4CC7EA00F1A1EC /* DataParser.swift */ = {isa = PBXFileReference; lastKnownFileType = sourcecode.swift; path = DataParser.swift; sourceTree = "<group>"; };
		44E65BA02A4CC84500F1A1EC /* NetworkError.swift */ = {isa = PBXFileReference; lastKnownFileType = sourcecode.swift; path = NetworkError.swift; sourceTree = "<group>"; };
		44E65BA32A4CC8B600F1A1EC /* RequestType.swift */ = {isa = PBXFileReference; lastKnownFileType = sourcecode.swift; path = RequestType.swift; sourceTree = "<group>"; };
		44E65BA62A4CC91E00F1A1EC /* APIConstants.swift */ = {isa = PBXFileReference; lastKnownFileType = sourcecode.swift; path = APIConstants.swift; sourceTree = "<group>"; };
		44E65BA82A4CC95F00F1A1EC /* RequestProtocol.swift */ = {isa = PBXFileReference; lastKnownFileType = sourcecode.swift; path = RequestProtocol.swift; sourceTree = "<group>"; };
		44E65BAA2A4CCA2000F1A1EC /* APIManager.swift */ = {isa = PBXFileReference; lastKnownFileType = sourcecode.swift; path = APIManager.swift; sourceTree = "<group>"; };
		44E65BAC2A4CCAC900F1A1EC /* RequestManager.swift */ = {isa = PBXFileReference; lastKnownFileType = sourcecode.swift; path = RequestManager.swift; sourceTree = "<group>"; };
		44E65BAF2A4CCB8A00F1A1EC /* CatsRequest.swift */ = {isa = PBXFileReference; lastKnownFileType = sourcecode.swift; path = CatsRequest.swift; sourceTree = "<group>"; };
		44E65BB42A4CCC5300F1A1EC /* Cat.swift */ = {isa = PBXFileReference; lastKnownFileType = sourcecode.swift; path = Cat.swift; sourceTree = "<group>"; };
		44E65BC22A4CE02B00F1A1EC /* CatMock.swift */ = {isa = PBXFileReference; lastKnownFileType = sourcecode.swift; path = CatMock.swift; sourceTree = "<group>"; };
		44E65BC72A4CE1A600F1A1EC /* CatsMock.json */ = {isa = PBXFileReference; lastKnownFileType = text.json; path = CatsMock.json; sourceTree = "<group>"; };
/* End PBXFileReference section */

/* Begin PBXFrameworksBuildPhase section */
		44DBDBBB2A4DE78C00C4CDC0 /* Frameworks */ = {
			isa = PBXFrameworksBuildPhase;
			buildActionMask = 2147483647;
			files = (
			);
			runOnlyForDeploymentPostprocessing = 0;
		};
		44E65B812A4CC5A200F1A1EC /* Frameworks */ = {
			isa = PBXFrameworksBuildPhase;
			buildActionMask = 2147483647;
			files = (
			);
			runOnlyForDeploymentPostprocessing = 0;
		};
/* End PBXFrameworksBuildPhase section */

/* Begin PBXGroup section */
		44DBDBAC2A4DE49F00C4CDC0 /* Services */ = {
			isa = PBXGroup;
			children = (
				44DBDBAD2A4DE4AD00C4CDC0 /* CatsFetcherMock.swift */,
				44DBDBB32A4DE56800C4CDC0 /* FetchCatsService.swift */,
			);
			path = Services;
			sourceTree = "<group>";
		};
		44DBDBAF2A4DE4CB00C4CDC0 /* ViewModel */ = {
			isa = PBXGroup;
			children = (
				44DBDBB02A4DE4D900C4CDC0 /* CatsViewModel.swift */,
			);
			path = ViewModel;
			sourceTree = "<group>";
		};
		44DBDBB52A4DE61A00C4CDC0 /* View */ = {
			isa = PBXGroup;
			children = (
				44DBDBB62A4DE62400C4CDC0 /* CatRow.swift */,
				44DBDBB82A4DE65200C4CDC0 /* CatsView.swift */,
			);
			path = View;
			sourceTree = "<group>";
		};
		44DBDBBF2A4DE78C00C4CDC0 /* CaturyTests */ = {
			isa = PBXGroup;
			children = (
				44DBDBC72A4DE7B500C4CDC0 /* Tests */,
			);
			path = CaturyTests;
			sourceTree = "<group>";
		};
		44DBDBC72A4DE7B500C4CDC0 /* Tests */ = {
			isa = PBXGroup;
			children = (
				44DBDBC82A4DE7C500C4CDC0 /* Network */,
			);
			path = Tests;
			sourceTree = "<group>";
		};
		44DBDBC82A4DE7C500C4CDC0 /* Network */ = {
			isa = PBXGroup;
			children = (
				44DBDBC92A4DE7C900C4CDC0 /* Data */,
			);
			path = Network;
			sourceTree = "<group>";
		};
		44DBDBC92A4DE7C900C4CDC0 /* Data */ = {
			isa = PBXGroup;
			children = (
				44DBDBCA2A4DE7CB00C4CDC0 /* API */,
			);
			path = Data;
			sourceTree = "<group>";
		};
		44DBDBCA2A4DE7CB00C4CDC0 /* API */ = {
			isa = PBXGroup;
			children = (
				44DBDBCC2A4DE7EB00C4CDC0 /* APIManagerMock.swift */,
				44DBDBCE2A4DE84B00C4CDC0 /* RequestManagerMock.swift */,
			);
			path = API;
			sourceTree = "<group>";
		};
		44E65B7B2A4CC5A200F1A1EC = {
			isa = PBXGroup;
			children = (
				44E65B862A4CC5A200F1A1EC /* Catury */,
				44DBDBBF2A4DE78C00C4CDC0 /* CaturyTests */,
				44E65B852A4CC5A200F1A1EC /* Products */,
			);
			sourceTree = "<group>";
		};
		44E65B852A4CC5A200F1A1EC /* Products */ = {
			isa = PBXGroup;
			children = (
				44E65B842A4CC5A200F1A1EC /* Catury.app */,
				44DBDBBE2A4DE78C00C4CDC0 /* CaturyTests.xctest */,
			);
			name = Products;
			sourceTree = "<group>";
		};
		44E65B862A4CC5A200F1A1EC /* Catury */ = {
			isa = PBXGroup;
			children = (
				44E65B872A4CC5A200F1A1EC /* CaturyApp.swift */,
				44E65B892A4CC5A200F1A1EC /* ContentView.swift */,
				44E65B8B2A4CC5A300F1A1EC /* Assets.xcassets */,
				44E65BB62A4CDB2300F1A1EC /* Modules */,
				44E65B992A4CC7B900F1A1EC /* Network */,
				44E65B8D2A4CC5A300F1A1EC /* Preview Content */,
				44E65B962A4CC71000F1A1EC /* Supporting Files */,
			);
			path = Catury;
			sourceTree = "<group>";
		};
		44E65B8D2A4CC5A300F1A1EC /* Preview Content */ = {
			isa = PBXGroup;
			children = (
				44E65B8E2A4CC5A300F1A1EC /* Preview Assets.xcassets */,
				44E65BC72A4CE1A600F1A1EC /* CatsMock.json */,
			);
			path = "Preview Content";
			sourceTree = "<group>";
		};
		44E65B962A4CC71000F1A1EC /* Supporting Files */ = {
			isa = PBXGroup;
			children = (
				44E65B972A4CC72200F1A1EC /* .swiftlint.yml */,
			);
			path = "Supporting Files";
			sourceTree = "<group>";
		};
		44E65B992A4CC7B900F1A1EC /* Network */ = {
			isa = PBXGroup;
			children = (
				44E65B9A2A4CC7DB00F1A1EC /* Data */,
				44E65BB12A4CCC3100F1A1EC /* Domain */,
			);
			path = Network;
			sourceTree = "<group>";
		};
		44E65B9A2A4CC7DB00F1A1EC /* Data */ = {
			isa = PBXGroup;
			children = (
				44E65B9B2A4CC7DD00F1A1EC /* API */,
			);
			path = Data;
			sourceTree = "<group>";
		};
		44E65B9B2A4CC7DD00F1A1EC /* API */ = {
			isa = PBXGroup;
			children = (
				44E65BA62A4CC91E00F1A1EC /* APIConstants.swift */,
				44E65B9F2A4CC83A00F1A1EC /* Network */,
				44E65B9C2A4CC7DE00F1A1EC /* Parser */,
				44E65BA22A4CC8B000F1A1EC /* Request */,
			);
			path = API;
			sourceTree = "<group>";
		};
		44E65B9C2A4CC7DE00F1A1EC /* Parser */ = {
			isa = PBXGroup;
			children = (
				44E65B9D2A4CC7EA00F1A1EC /* DataParser.swift */,
			);
			path = Parser;
			sourceTree = "<group>";
		};
		44E65B9F2A4CC83A00F1A1EC /* Network */ = {
			isa = PBXGroup;
			children = (
				44E65BAA2A4CCA2000F1A1EC /* APIManager.swift */,
				44E65BA02A4CC84500F1A1EC /* NetworkError.swift */,
				44E65BAC2A4CCAC900F1A1EC /* RequestManager.swift */,
			);
			path = Network;
			sourceTree = "<group>";
		};
		44E65BA22A4CC8B000F1A1EC /* Request */ = {
			isa = PBXGroup;
			children = (
				44E65BAE2A4CCB7300F1A1EC /* Cats */,
				44E65BA32A4CC8B600F1A1EC /* RequestType.swift */,
				44E65BA82A4CC95F00F1A1EC /* RequestProtocol.swift */,
			);
			path = Request;
			sourceTree = "<group>";
		};
		44E65BAE2A4CCB7300F1A1EC /* Cats */ = {
			isa = PBXGroup;
			children = (
				44E65BAF2A4CCB8A00F1A1EC /* CatsRequest.swift */,
			);
			path = Cats;
			sourceTree = "<group>";
		};
		44E65BB12A4CCC3100F1A1EC /* Domain */ = {
			isa = PBXGroup;
			children = (
				44E65BB22A4CCC3C00F1A1EC /* Model */,
			);
			path = Domain;
			sourceTree = "<group>";
		};
		44E65BB22A4CCC3C00F1A1EC /* Model */ = {
			isa = PBXGroup;
			children = (
				44E65BB32A4CCC3E00F1A1EC /* Cat */,
			);
			path = Model;
			sourceTree = "<group>";
		};
		44E65BB32A4CCC3E00F1A1EC /* Cat */ = {
			isa = PBXGroup;
			children = (
				44E65BB42A4CCC5300F1A1EC /* Cat.swift */,
				44E65BC22A4CE02B00F1A1EC /* CatMock.swift */,
			);
			path = Cat;
			sourceTree = "<group>";
		};
		44E65BB62A4CDB2300F1A1EC /* Modules */ = {
			isa = PBXGroup;
			children = (
				44E65BB72A4CDB2900F1A1EC /* Cats */,
			);
			path = Modules;
			sourceTree = "<group>";
		};
		44E65BB72A4CDB2900F1A1EC /* Cats */ = {
			isa = PBXGroup;
			children = (
				44DBDBAC2A4DE49F00C4CDC0 /* Services */,
				44DBDBB52A4DE61A00C4CDC0 /* View */,
				44DBDBAF2A4DE4CB00C4CDC0 /* ViewModel */,
			);
			path = Cats;
			sourceTree = "<group>";
		};
/* End PBXGroup section */

/* Begin PBXNativeTarget section */
		44DBDBBD2A4DE78C00C4CDC0 /* CaturyTests */ = {
			isa = PBXNativeTarget;
			buildConfigurationList = 44DBDBC42A4DE78C00C4CDC0 /* Build configuration list for PBXNativeTarget "CaturyTests" */;
			buildPhases = (
				44DBDBBA2A4DE78C00C4CDC0 /* Sources */,
				44DBDBBB2A4DE78C00C4CDC0 /* Frameworks */,
				44DBDBBC2A4DE78C00C4CDC0 /* Resources */,
			);
			buildRules = (
			);
			dependencies = (
				44DBDBC32A4DE78C00C4CDC0 /* PBXTargetDependency */,
			);
			name = CaturyTests;
			productName = CaturyTests;
			productReference = 44DBDBBE2A4DE78C00C4CDC0 /* CaturyTests.xctest */;
			productType = "com.apple.product-type.bundle.unit-test";
		};
		44E65B832A4CC5A200F1A1EC /* Catury */ = {
			isa = PBXNativeTarget;
			buildConfigurationList = 44E65B922A4CC5A300F1A1EC /* Build configuration list for PBXNativeTarget "Catury" */;
			buildPhases = (
				44E65B802A4CC5A200F1A1EC /* Sources */,
				44E65B812A4CC5A200F1A1EC /* Frameworks */,
				44E65B822A4CC5A200F1A1EC /* Resources */,
				44E65B952A4CC70400F1A1EC /* Run SwiftLint */,
			);
			buildRules = (
			);
			dependencies = (
			);
			name = Catury;
			productName = Catury;
			productReference = 44E65B842A4CC5A200F1A1EC /* Catury.app */;
			productType = "com.apple.product-type.application";
		};
/* End PBXNativeTarget section */

/* Begin PBXProject section */
		44E65B7C2A4CC5A200F1A1EC /* Project object */ = {
			isa = PBXProject;
			attributes = {
				BuildIndependentTargetsInParallel = 1;
				LastSwiftUpdateCheck = 1430;
				LastUpgradeCheck = 1430;
				TargetAttributes = {
					44DBDBBD2A4DE78C00C4CDC0 = {
						CreatedOnToolsVersion = 14.3.1;
						TestTargetID = 44E65B832A4CC5A200F1A1EC;
					};
					44E65B832A4CC5A200F1A1EC = {
						CreatedOnToolsVersion = 14.3.1;
					};
				};
			};
			buildConfigurationList = 44E65B7F2A4CC5A200F1A1EC /* Build configuration list for PBXProject "Catury" */;
			compatibilityVersion = "Xcode 14.0";
			developmentRegion = en;
			hasScannedForEncodings = 0;
			knownRegions = (
				en,
				Base,
			);
			mainGroup = 44E65B7B2A4CC5A200F1A1EC;
			productRefGroup = 44E65B852A4CC5A200F1A1EC /* Products */;
			projectDirPath = "";
			projectRoot = "";
			targets = (
				44E65B832A4CC5A200F1A1EC /* Catury */,
				44DBDBBD2A4DE78C00C4CDC0 /* CaturyTests */,
			);
		};
/* End PBXProject section */

/* Begin PBXResourcesBuildPhase section */
		44DBDBBC2A4DE78C00C4CDC0 /* Resources */ = {
			isa = PBXResourcesBuildPhase;
			buildActionMask = 2147483647;
			files = (
			);
			runOnlyForDeploymentPostprocessing = 0;
		};
		44E65B822A4CC5A200F1A1EC /* Resources */ = {
			isa = PBXResourcesBuildPhase;
			buildActionMask = 2147483647;
			files = (
				44E65B982A4CC72200F1A1EC /* .swiftlint.yml in Resources */,
				44E65B8F2A4CC5A300F1A1EC /* Preview Assets.xcassets in Resources */,
				44E65BC82A4CE1A600F1A1EC /* CatsMock.json in Resources */,
				44E65B8C2A4CC5A300F1A1EC /* Assets.xcassets in Resources */,
			);
			runOnlyForDeploymentPostprocessing = 0;
		};
/* End PBXResourcesBuildPhase section */

/* Begin PBXShellScriptBuildPhase section */
		44E65B952A4CC70400F1A1EC /* Run SwiftLint */ = {
			isa = PBXShellScriptBuildPhase;
			alwaysOutOfDate = 1;
			buildActionMask = 2147483647;
			files = (
			);
			inputFileListPaths = (
			);
			inputPaths = (
			);
			name = "Run SwiftLint";
			outputFileListPaths = (
			);
			outputPaths = (
			);
			runOnlyForDeploymentPostprocessing = 0;
			shellPath = /bin/sh;
			shellScript = "if [[ \"$(uname -m)\" == arm64 ]]; then\n    export PATH=\"/opt/homebrew/bin:$PATH\"\nfi\n\nif which swiftlint > /dev/null; then\n  swiftlint\nelse\n  echo \"warning: SwiftLint not installed, download from https://github.com/realm/SwiftLint\"\nfi\n";
		};
/* End PBXShellScriptBuildPhase section */

/* Begin PBXSourcesBuildPhase section */
		44DBDBBA2A4DE78C00C4CDC0 /* Sources */ = {
			isa = PBXSourcesBuildPhase;
			buildActionMask = 2147483647;
			files = (
				44DBDBCD2A4DE7EB00C4CDC0 /* APIManagerMock.swift in Sources */,
				44DBDBCF2A4DE84B00C4CDC0 /* RequestManagerMock.swift in Sources */,
			);
			runOnlyForDeploymentPostprocessing = 0;
		};
		44E65B802A4CC5A200F1A1EC /* Sources */ = {
			isa = PBXSourcesBuildPhase;
			buildActionMask = 2147483647;
			files = (
				44DBDBAE2A4DE4AD00C4CDC0 /* CatsFetcherMock.swift in Sources */,
				44E65BAB2A4CCA2000F1A1EC /* APIManager.swift in Sources */,
				44E65B8A2A4CC5A200F1A1EC /* ContentView.swift in Sources */,
				44DBDBB12A4DE4D900C4CDC0 /* CatsViewModel.swift in Sources */,
				44E65BA12A4CC84500F1A1EC /* NetworkError.swift in Sources */,
				44E65BB52A4CCC5300F1A1EC /* Cat.swift in Sources */,
				44DBDBB92A4DE65200C4CDC0 /* CatsView.swift in Sources */,
				44E65BA72A4CC91E00F1A1EC /* APIConstants.swift in Sources */,
				44DBDBB72A4DE62400C4CDC0 /* CatRow.swift in Sources */,
				44DBDBB42A4DE56800C4CDC0 /* FetchCatsService.swift in Sources */,
				44E65BB02A4CCB8A00F1A1EC /* CatsRequest.swift in Sources */,
				44E65B882A4CC5A200F1A1EC /* CaturyApp.swift in Sources */,
				44E65B9E2A4CC7EA00F1A1EC /* DataParser.swift in Sources */,
				44E65BC32A4CE02B00F1A1EC /* CatMock.swift in Sources */,
				44E65BAD2A4CCAC900F1A1EC /* RequestManager.swift in Sources */,
				44E65BA42A4CC8B600F1A1EC /* RequestType.swift in Sources */,
				44E65BA92A4CC95F00F1A1EC /* RequestProtocol.swift in Sources */,
			);
			runOnlyForDeploymentPostprocessing = 0;
		};
/* End PBXSourcesBuildPhase section */

/* Begin PBXTargetDependency section */
		44DBDBC32A4DE78C00C4CDC0 /* PBXTargetDependency */ = {
			isa = PBXTargetDependency;
			target = 44E65B832A4CC5A200F1A1EC /* Catury */;
			targetProxy = 44DBDBC22A4DE78C00C4CDC0 /* PBXContainerItemProxy */;
		};
/* End PBXTargetDependency section */

/* Begin XCBuildConfiguration section */
		44DBDBC52A4DE78C00C4CDC0 /* Debug */ = {
			isa = XCBuildConfiguration;
			buildSettings = {
				BUNDLE_LOADER = "$(TEST_HOST)";
				CODE_SIGN_STYLE = Automatic;
				CURRENT_PROJECT_VERSION = 1;
				DEVELOPMENT_TEAM = 7GW83GWCK8;
				GENERATE_INFOPLIST_FILE = YES;
				MARKETING_VERSION = 1.0;
				PRODUCT_BUNDLE_IDENTIFIER = com.icloud.yusasarisoy.CaturyTests;
				PRODUCT_NAME = "$(TARGET_NAME)";
				SWIFT_EMIT_LOC_STRINGS = NO;
				SWIFT_VERSION = 5.0;
				TARGETED_DEVICE_FAMILY = "1,2";
				TEST_HOST = "$(BUILT_PRODUCTS_DIR)/Catury.app/$(BUNDLE_EXECUTABLE_FOLDER_PATH)/Catury";
			};
			name = Debug;
		};
		44DBDBC62A4DE78C00C4CDC0 /* Release */ = {
			isa = XCBuildConfiguration;
			buildSettings = {
				BUNDLE_LOADER = "$(TEST_HOST)";
				CODE_SIGN_STYLE = Automatic;
				CURRENT_PROJECT_VERSION = 1;
				DEVELOPMENT_TEAM = 7GW83GWCK8;
				GENERATE_INFOPLIST_FILE = YES;
				MARKETING_VERSION = 1.0;
				PRODUCT_BUNDLE_IDENTIFIER = com.icloud.yusasarisoy.CaturyTests;
				PRODUCT_NAME = "$(TARGET_NAME)";
				SWIFT_EMIT_LOC_STRINGS = NO;
				SWIFT_VERSION = 5.0;
				TARGETED_DEVICE_FAMILY = "1,2";
				TEST_HOST = "$(BUILT_PRODUCTS_DIR)/Catury.app/$(BUNDLE_EXECUTABLE_FOLDER_PATH)/Catury";
			};
			name = Release;
		};
		44E65B902A4CC5A300F1A1EC /* Debug */ = {
			isa = XCBuildConfiguration;
			buildSettings = {
				ALWAYS_SEARCH_USER_PATHS = NO;
				CLANG_ANALYZER_NONNULL = YES;
				CLANG_ANALYZER_NUMBER_OBJECT_CONVERSION = YES_AGGRESSIVE;
				CLANG_CXX_LANGUAGE_STANDARD = "gnu++20";
				CLANG_ENABLE_MODULES = YES;
				CLANG_ENABLE_OBJC_ARC = YES;
				CLANG_ENABLE_OBJC_WEAK = YES;
				CLANG_WARN_BLOCK_CAPTURE_AUTORELEASING = YES;
				CLANG_WARN_BOOL_CONVERSION = YES;
				CLANG_WARN_COMMA = YES;
				CLANG_WARN_CONSTANT_CONVERSION = YES;
				CLANG_WARN_DEPRECATED_OBJC_IMPLEMENTATIONS = YES;
				CLANG_WARN_DIRECT_OBJC_ISA_USAGE = YES_ERROR;
				CLANG_WARN_DOCUMENTATION_COMMENTS = YES;
				CLANG_WARN_EMPTY_BODY = YES;
				CLANG_WARN_ENUM_CONVERSION = YES;
				CLANG_WARN_INFINITE_RECURSION = YES;
				CLANG_WARN_INT_CONVERSION = YES;
				CLANG_WARN_NON_LITERAL_NULL_CONVERSION = YES;
				CLANG_WARN_OBJC_IMPLICIT_RETAIN_SELF = YES;
				CLANG_WARN_OBJC_LITERAL_CONVERSION = YES;
				CLANG_WARN_OBJC_ROOT_CLASS = YES_ERROR;
				CLANG_WARN_QUOTED_INCLUDE_IN_FRAMEWORK_HEADER = YES;
				CLANG_WARN_RANGE_LOOP_ANALYSIS = YES;
				CLANG_WARN_STRICT_PROTOTYPES = YES;
				CLANG_WARN_SUSPICIOUS_MOVE = YES;
				CLANG_WARN_UNGUARDED_AVAILABILITY = YES_AGGRESSIVE;
				CLANG_WARN_UNREACHABLE_CODE = YES;
				CLANG_WARN__DUPLICATE_METHOD_MATCH = YES;
				COPY_PHASE_STRIP = NO;
				DEBUG_INFORMATION_FORMAT = dwarf;
				ENABLE_STRICT_OBJC_MSGSEND = YES;
				ENABLE_TESTABILITY = YES;
				GCC_C_LANGUAGE_STANDARD = gnu11;
				GCC_DYNAMIC_NO_PIC = NO;
				GCC_NO_COMMON_BLOCKS = YES;
				GCC_OPTIMIZATION_LEVEL = 0;
				GCC_PREPROCESSOR_DEFINITIONS = (
					"DEBUG=1",
					"$(inherited)",
				);
				GCC_WARN_64_TO_32_BIT_CONVERSION = YES;
				GCC_WARN_ABOUT_RETURN_TYPE = YES_ERROR;
				GCC_WARN_UNDECLARED_SELECTOR = YES;
				GCC_WARN_UNINITIALIZED_AUTOS = YES_AGGRESSIVE;
				GCC_WARN_UNUSED_FUNCTION = YES;
				GCC_WARN_UNUSED_VARIABLE = YES;
				IPHONEOS_DEPLOYMENT_TARGET = 16.4;
				MTL_ENABLE_DEBUG_INFO = INCLUDE_SOURCE;
				MTL_FAST_MATH = YES;
				ONLY_ACTIVE_ARCH = YES;
				SDKROOT = iphoneos;
				SWIFT_ACTIVE_COMPILATION_CONDITIONS = DEBUG;
				SWIFT_OPTIMIZATION_LEVEL = "-Onone";
			};
			name = Debug;
		};
		44E65B912A4CC5A300F1A1EC /* Release */ = {
			isa = XCBuildConfiguration;
			buildSettings = {
				ALWAYS_SEARCH_USER_PATHS = NO;
				CLANG_ANALYZER_NONNULL = YES;
				CLANG_ANALYZER_NUMBER_OBJECT_CONVERSION = YES_AGGRESSIVE;
				CLANG_CXX_LANGUAGE_STANDARD = "gnu++20";
				CLANG_ENABLE_MODULES = YES;
				CLANG_ENABLE_OBJC_ARC = YES;
				CLANG_ENABLE_OBJC_WEAK = YES;
				CLANG_WARN_BLOCK_CAPTURE_AUTORELEASING = YES;
				CLANG_WARN_BOOL_CONVERSION = YES;
				CLANG_WARN_COMMA = YES;
				CLANG_WARN_CONSTANT_CONVERSION = YES;
				CLANG_WARN_DEPRECATED_OBJC_IMPLEMENTATIONS = YES;
				CLANG_WARN_DIRECT_OBJC_ISA_USAGE = YES_ERROR;
				CLANG_WARN_DOCUMENTATION_COMMENTS = YES;
				CLANG_WARN_EMPTY_BODY = YES;
				CLANG_WARN_ENUM_CONVERSION = YES;
				CLANG_WARN_INFINITE_RECURSION = YES;
				CLANG_WARN_INT_CONVERSION = YES;
				CLANG_WARN_NON_LITERAL_NULL_CONVERSION = YES;
				CLANG_WARN_OBJC_IMPLICIT_RETAIN_SELF = YES;
				CLANG_WARN_OBJC_LITERAL_CONVERSION = YES;
				CLANG_WARN_OBJC_ROOT_CLASS = YES_ERROR;
				CLANG_WARN_QUOTED_INCLUDE_IN_FRAMEWORK_HEADER = YES;
				CLANG_WARN_RANGE_LOOP_ANALYSIS = YES;
				CLANG_WARN_STRICT_PROTOTYPES = YES;
				CLANG_WARN_SUSPICIOUS_MOVE = YES;
				CLANG_WARN_UNGUARDED_AVAILABILITY = YES_AGGRESSIVE;
				CLANG_WARN_UNREACHABLE_CODE = YES;
				CLANG_WARN__DUPLICATE_METHOD_MATCH = YES;
				COPY_PHASE_STRIP = NO;
				DEBUG_INFORMATION_FORMAT = "dwarf-with-dsym";
				ENABLE_NS_ASSERTIONS = NO;
				ENABLE_STRICT_OBJC_MSGSEND = YES;
				GCC_C_LANGUAGE_STANDARD = gnu11;
				GCC_NO_COMMON_BLOCKS = YES;
				GCC_WARN_64_TO_32_BIT_CONVERSION = YES;
				GCC_WARN_ABOUT_RETURN_TYPE = YES_ERROR;
				GCC_WARN_UNDECLARED_SELECTOR = YES;
				GCC_WARN_UNINITIALIZED_AUTOS = YES_AGGRESSIVE;
				GCC_WARN_UNUSED_FUNCTION = YES;
				GCC_WARN_UNUSED_VARIABLE = YES;
				IPHONEOS_DEPLOYMENT_TARGET = 16.4;
				MTL_ENABLE_DEBUG_INFO = NO;
				MTL_FAST_MATH = YES;
				SDKROOT = iphoneos;
				SWIFT_COMPILATION_MODE = wholemodule;
				SWIFT_OPTIMIZATION_LEVEL = "-O";
				VALIDATE_PRODUCT = YES;
			};
			name = Release;
		};
		44E65B932A4CC5A300F1A1EC /* Debug */ = {
			isa = XCBuildConfiguration;
			buildSettings = {
				ASSETCATALOG_COMPILER_APPICON_NAME = AppIcon;
				ASSETCATALOG_COMPILER_GLOBAL_ACCENT_COLOR_NAME = AccentColor;
				CODE_SIGN_STYLE = Automatic;
				CURRENT_PROJECT_VERSION = 1;
				DEVELOPMENT_ASSET_PATHS = "\"Catury/Preview Content\"";
				DEVELOPMENT_TEAM = 7GW83GWCK8;
				ENABLE_PREVIEWS = YES;
				GENERATE_INFOPLIST_FILE = YES;
				INFOPLIST_KEY_LSApplicationCategoryType = "public.app-category.education";
				INFOPLIST_KEY_UIApplicationSceneManifest_Generation = YES;
				INFOPLIST_KEY_UIApplicationSupportsIndirectInputEvents = YES;
				INFOPLIST_KEY_UILaunchScreen_Generation = YES;
				INFOPLIST_KEY_UISupportedInterfaceOrientations_iPad = "UIInterfaceOrientationPortrait UIInterfaceOrientationPortraitUpsideDown UIInterfaceOrientationLandscapeLeft UIInterfaceOrientationLandscapeRight";
				INFOPLIST_KEY_UISupportedInterfaceOrientations_iPhone = "UIInterfaceOrientationPortrait UIInterfaceOrientationLandscapeLeft UIInterfaceOrientationLandscapeRight";
				IPHONEOS_DEPLOYMENT_TARGET = 15.0;
				LD_RUNPATH_SEARCH_PATHS = (
					"$(inherited)",
					"@executable_path/Frameworks",
				);
				MARKETING_VERSION = 1.0;
				PRODUCT_BUNDLE_IDENTIFIER = com.icloud.yusasarisoy.Catury;
				PRODUCT_NAME = "$(TARGET_NAME)";
				SUPPORTED_PLATFORMS = "iphoneos iphonesimulator";
				SUPPORTS_MACCATALYST = NO;
				SUPPORTS_MAC_DESIGNED_FOR_IPHONE_IPAD = NO;
				SWIFT_EMIT_LOC_STRINGS = YES;
				SWIFT_VERSION = 5.0;
				TARGETED_DEVICE_FAMILY = 1;
			};
			name = Debug;
		};
		44E65B942A4CC5A300F1A1EC /* Release */ = {
			isa = XCBuildConfiguration;
			buildSettings = {
				ASSETCATALOG_COMPILER_APPICON_NAME = AppIcon;
				ASSETCATALOG_COMPILER_GLOBAL_ACCENT_COLOR_NAME = AccentColor;
				CODE_SIGN_STYLE = Automatic;
				CURRENT_PROJECT_VERSION = 1;
				DEVELOPMENT_ASSET_PATHS = "\"Catury/Preview Content\"";
				DEVELOPMENT_TEAM = 7GW83GWCK8;
				ENABLE_PREVIEWS = YES;
				GENERATE_INFOPLIST_FILE = YES;
				INFOPLIST_KEY_LSApplicationCategoryType = "public.app-category.education";
				INFOPLIST_KEY_UIApplicationSceneManifest_Generation = YES;
				INFOPLIST_KEY_UIApplicationSupportsIndirectInputEvents = YES;
				INFOPLIST_KEY_UILaunchScreen_Generation = YES;
				INFOPLIST_KEY_UISupportedInterfaceOrientations_iPad = "UIInterfaceOrientationPortrait UIInterfaceOrientationPortraitUpsideDown UIInterfaceOrientationLandscapeLeft UIInterfaceOrientationLandscapeRight";
				INFOPLIST_KEY_UISupportedInterfaceOrientations_iPhone = "UIInterfaceOrientationPortrait UIInterfaceOrientationLandscapeLeft UIInterfaceOrientationLandscapeRight";
				IPHONEOS_DEPLOYMENT_TARGET = 15.0;
				LD_RUNPATH_SEARCH_PATHS = (
					"$(inherited)",
					"@executable_path/Frameworks",
				);
				MARKETING_VERSION = 1.0;
				PRODUCT_BUNDLE_IDENTIFIER = com.icloud.yusasarisoy.Catury;
				PRODUCT_NAME = "$(TARGET_NAME)";
				SUPPORTED_PLATFORMS = "iphoneos iphonesimulator";
				SUPPORTS_MACCATALYST = NO;
				SUPPORTS_MAC_DESIGNED_FOR_IPHONE_IPAD = NO;
				SWIFT_EMIT_LOC_STRINGS = YES;
				SWIFT_VERSION = 5.0;
				TARGETED_DEVICE_FAMILY = 1;
			};
			name = Release;
		};
/* End XCBuildConfiguration section */

/* Begin XCConfigurationList section */
		44DBDBC42A4DE78C00C4CDC0 /* Build configuration list for PBXNativeTarget "CaturyTests" */ = {
			isa = XCConfigurationList;
			buildConfigurations = (
				44DBDBC52A4DE78C00C4CDC0 /* Debug */,
				44DBDBC62A4DE78C00C4CDC0 /* Release */,
			);
			defaultConfigurationIsVisible = 0;
			defaultConfigurationName = Release;
		};
		44E65B7F2A4CC5A200F1A1EC /* Build configuration list for PBXProject "Catury" */ = {
			isa = XCConfigurationList;
			buildConfigurations = (
				44E65B902A4CC5A300F1A1EC /* Debug */,
				44E65B912A4CC5A300F1A1EC /* Release */,
			);
			defaultConfigurationIsVisible = 0;
			defaultConfigurationName = Release;
		};
		44E65B922A4CC5A300F1A1EC /* Build configuration list for PBXNativeTarget "Catury" */ = {
			isa = XCConfigurationList;
			buildConfigurations = (
				44E65B932A4CC5A300F1A1EC /* Debug */,
				44E65B942A4CC5A300F1A1EC /* Release */,
			);
			defaultConfigurationIsVisible = 0;
			defaultConfigurationName = Release;
		};
/* End XCConfigurationList section */
	};
	rootObject = 44E65B7C2A4CC5A200F1A1EC /* Project object */;
}
